// !$*UTF8*$!
{
	archiveVersion = 1;
	classes = {
	};
	objectVersion = 46;
	objects = {

/* Begin PBXBuildFile section */
		8E1ADBF81A36684F00C9A811 /* RecipeViewController.m in Sources */ = {isa = PBXBuildFile; fileRef = 8E1ADBF71A36684F00C9A811 /* RecipeViewController.m */; };
		8E5899331A36846800E03B77 /* IngredientCollectionViewCell.m in Sources */ = {isa = PBXBuildFile; fileRef = 8E5899321A36846800E03B77 /* IngredientCollectionViewCell.m */; };
		8E5899371A3691AC00E03B77 /* IngredientSectionHeader.m in Sources */ = {isa = PBXBuildFile; fileRef = 8E5899361A3691AC00E03B77 /* IngredientSectionHeader.m */; };
		8E58993D1A36AE1500E03B77 /* UIViewController+Extras.m in Sources */ = {isa = PBXBuildFile; fileRef = 8E58993C1A36AE1500E03B77 /* UIViewController+Extras.m */; };
		8E5899471A36C32A00E03B77 /* Icon-40.png in Resources */ = {isa = PBXBuildFile; fileRef = 8E5899401A36C32A00E03B77 /* Icon-40.png */; };
		8E5899481A36C32A00E03B77 /* Icon-40@2x.png in Resources */ = {isa = PBXBuildFile; fileRef = 8E5899411A36C32A00E03B77 /* Icon-40@2x.png */; };
		8E5899491A36C32A00E03B77 /* Icon-60@2x.png in Resources */ = {isa = PBXBuildFile; fileRef = 8E5899421A36C32A00E03B77 /* Icon-60@2x.png */; };
		8E58994A1A36C32A00E03B77 /* Icon-Small.png in Resources */ = {isa = PBXBuildFile; fileRef = 8E5899431A36C32A00E03B77 /* Icon-Small.png */; };
		8E58994B1A36C32A00E03B77 /* Icon-Small@2x.png in Resources */ = {isa = PBXBuildFile; fileRef = 8E5899441A36C32A00E03B77 /* Icon-Small@2x.png */; };
		8E58994C1A36C32A00E03B77 /* Icon.png in Resources */ = {isa = PBXBuildFile; fileRef = 8E5899451A36C32A00E03B77 /* Icon.png */; };
		8E58994D1A36C32A00E03B77 /* Icon@2x.png in Resources */ = {isa = PBXBuildFile; fileRef = 8E5899461A36C32A00E03B77 /* Icon@2x.png */; };
		8E5899521A36C40700E03B77 /* Icon-40@3x.png in Resources */ = {isa = PBXBuildFile; fileRef = 8E58994E1A36C40700E03B77 /* Icon-40@3x.png */; };
		8E5899531A36C40700E03B77 /* Icon-60@3x.png in Resources */ = {isa = PBXBuildFile; fileRef = 8E58994F1A36C40700E03B77 /* Icon-60@3x.png */; };
		8E5899541A36C40700E03B77 /* Icon-Small@3x.png in Resources */ = {isa = PBXBuildFile; fileRef = 8E5899501A36C40700E03B77 /* Icon-Small@3x.png */; };
		8E5899551A36C40700E03B77 /* Icon@3x.png in Resources */ = {isa = PBXBuildFile; fileRef = 8E5899511A36C40700E03B77 /* Icon@3x.png */; };
		8EDDD4F61A35AC8100A01D08 /* main.m in Sources */ = {isa = PBXBuildFile; fileRef = 8EDDD4F51A35AC8100A01D08 /* main.m */; };
		8EDDD4F91A35AC8100A01D08 /* AppDelegate.m in Sources */ = {isa = PBXBuildFile; fileRef = 8EDDD4F81A35AC8100A01D08 /* AppDelegate.m */; };
		8EDDD4FC1A35AC8100A01D08 /* VKRecipeFinder.xcdatamodeld in Sources */ = {isa = PBXBuildFile; fileRef = 8EDDD4FA1A35AC8100A01D08 /* VKRecipeFinder.xcdatamodeld */; };
		8EDDD4FF1A35AC8100A01D08 /* ViewController.m in Sources */ = {isa = PBXBuildFile; fileRef = 8EDDD4FE1A35AC8100A01D08 /* ViewController.m */; };
		8EDDD5021A35AC8100A01D08 /* Main.storyboard in Resources */ = {isa = PBXBuildFile; fileRef = 8EDDD5001A35AC8100A01D08 /* Main.storyboard */; };
		8EDDD5041A35AC8100A01D08 /* Images.xcassets in Resources */ = {isa = PBXBuildFile; fileRef = 8EDDD5031A35AC8100A01D08 /* Images.xcassets */; };
		8EDDD5131A35AC8100A01D08 /* VKRecipeFinderTests.m in Sources */ = {isa = PBXBuildFile; fileRef = 8EDDD5121A35AC8100A01D08 /* VKRecipeFinderTests.m */; };
		8EDDD5201A35AFC700A01D08 /* GoogleDriveButton.m in Sources */ = {isa = PBXBuildFile; fileRef = 8EDDD51F1A35AFC700A01D08 /* GoogleDriveButton.m */; };
		8EDDD5241A35B12C00A01D08 /* UIColor+VKExtras.m in Sources */ = {isa = PBXBuildFile; fileRef = 8EDDD5231A35B12C00A01D08 /* UIColor+VKExtras.m */; };
		8EDDD5291A35B2C500A01D08 /* UIView+Geometry.m in Sources */ = {isa = PBXBuildFile; fileRef = 8EDDD5261A35B2C500A01D08 /* UIView+Geometry.m */; };
		8EDDD52A1A35B2C500A01D08 /* UIView+VKExtras.m in Sources */ = {isa = PBXBuildFile; fileRef = 8EDDD5281A35B2C500A01D08 /* UIView+VKExtras.m */; };
		8EDDD52E1A35B98C00A01D08 /* Default-568h@2x.png in Resources */ = {isa = PBXBuildFile; fileRef = 8EDDD52C1A35B98C00A01D08 /* Default-568h@2x.png */; };
		8EDDD52F1A35B98C00A01D08 /* Default@2x.png in Resources */ = {isa = PBXBuildFile; fileRef = 8EDDD52D1A35B98C00A01D08 /* Default@2x.png */; };
		8EDDD5311A35BACB00A01D08 /* Default.png in Resources */ = {isa = PBXBuildFile; fileRef = 8EDDD5301A35BACB00A01D08 /* Default.png */; };
		8EDDD53B1A35BDBA00A01D08 /* Localizable.strings in Resources */ = {isa = PBXBuildFile; fileRef = 8EDDD53D1A35BDBA00A01D08 /* Localizable.strings */; };
		8EDDD5441A35C56900A01D08 /* GoogleAuthViewController.m in Sources */ = {isa = PBXBuildFile; fileRef = 8EDDD5411A35C56900A01D08 /* GoogleAuthViewController.m */; };
		8EDDD5451A35C56900A01D08 /* GoogleDrive.m in Sources */ = {isa = PBXBuildFile; fileRef = 8EDDD5431A35C56900A01D08 /* GoogleDrive.m */; };
		8EDDD5481A35C5B800A01D08 /* GTLDrive_Sources.m in Sources */ = {isa = PBXBuildFile; fileRef = 8EDDD5461A35C5B800A01D08 /* GTLDrive_Sources.m */; };
		8EDDD54E1A35C7F000A01D08 /* Security.framework in Frameworks */ = {isa = PBXBuildFile; fileRef = 8EDDD54D1A35C7F000A01D08 /* Security.framework */; };
		8EDDD5501A35C7F600A01D08 /* SystemConfiguration.framework in Frameworks */ = {isa = PBXBuildFile; fileRef = 8EDDD54F1A35C7F600A01D08 /* SystemConfiguration.framework */; };
		8EDDD5521A35C9A900A01D08 /* GTMOAuth2ViewTouch.xib in Resources */ = {isa = PBXBuildFile; fileRef = 8EDDD5511A35C9A900A01D08 /* GTMOAuth2ViewTouch.xib */; };
		8EDDD5551A35CAAA00A01D08 /* QuartzCore.framework in Frameworks */ = {isa = PBXBuildFile; fileRef = 8EDDD5541A35CAAA00A01D08 /* QuartzCore.framework */; };
		8EDDD55D1A35CC2600A01D08 /* libGTLTouchStaticLib.a in Frameworks */ = {isa = PBXBuildFile; fileRef = 8EDDD55C1A35CC2600A01D08 /* libGTLTouchStaticLib.a */; };
		8EE5F4F51A35DE750004F7B4 /* RemoveGoogleAccountButton.m in Sources */ = {isa = PBXBuildFile; fileRef = 8EE5F4F41A35DE750004F7B4 /* RemoveGoogleAccountButton.m */; };
		8EE5F4F91A35E5C40004F7B4 /* FridgeManager.m in Sources */ = {isa = PBXBuildFile; fileRef = 8EE5F4F81A35E5C40004F7B4 /* FridgeManager.m */; };
		8EE5F4FC1A35E6020004F7B4 /* RecipeManager.m in Sources */ = {isa = PBXBuildFile; fileRef = 8EE5F4FB1A35E6020004F7B4 /* RecipeManager.m */; };
		8EE5F4FF1A35E9D30004F7B4 /* Availability.m in Sources */ = {isa = PBXBuildFile; fileRef = 8EE5F4FE1A35E9D30004F7B4 /* Availability.m */; };
		8EE5F5021A35EA2C0004F7B4 /* Ingredient.m in Sources */ = {isa = PBXBuildFile; fileRef = 8EE5F5011A35EA2C0004F7B4 /* Ingredient.m */; };
		8EE5F5071A35EA8D0004F7B4 /* Recipe.m in Sources */ = {isa = PBXBuildFile; fileRef = 8EE5F5061A35EA8D0004F7B4 /* Recipe.m */; };
		8EE5F50A1A3652B60004F7B4 /* NSDate+VKExtras.m in Sources */ = {isa = PBXBuildFile; fileRef = 8EE5F5091A3652B60004F7B4 /* NSDate+VKExtras.m */; };
/* End PBXBuildFile section */

/* Begin PBXContainerItemProxy section */
		8EDDD50D1A35AC8100A01D08 /* PBXContainerItemProxy */ = {
			isa = PBXContainerItemProxy;
			containerPortal = 8EDDD4E81A35AC8000A01D08 /* Project object */;
			proxyType = 1;
			remoteGlobalIDString = 8EDDD4EF1A35AC8000A01D08;
			remoteInfo = VKRecipeFinder;
		};
/* End PBXContainerItemProxy section */

/* Begin PBXFileReference section */
		8E1ADBF61A36684F00C9A811 /* RecipeViewController.h */ = {isa = PBXFileReference; fileEncoding = 4; lastKnownFileType = sourcecode.c.h; path = RecipeViewController.h; sourceTree = "<group>"; };
		8E1ADBF71A36684F00C9A811 /* RecipeViewController.m */ = {isa = PBXFileReference; fileEncoding = 4; lastKnownFileType = sourcecode.c.objc; path = RecipeViewController.m; sourceTree = "<group>"; };
		8E5899311A36846800E03B77 /* IngredientCollectionViewCell.h */ = {isa = PBXFileReference; fileEncoding = 4; lastKnownFileType = sourcecode.c.h; path = IngredientCollectionViewCell.h; sourceTree = "<group>"; };
		8E5899321A36846800E03B77 /* IngredientCollectionViewCell.m */ = {isa = PBXFileReference; fileEncoding = 4; lastKnownFileType = sourcecode.c.objc; path = IngredientCollectionViewCell.m; sourceTree = "<group>"; };
		8E5899351A3691AC00E03B77 /* IngredientSectionHeader.h */ = {isa = PBXFileReference; fileEncoding = 4; lastKnownFileType = sourcecode.c.h; path = IngredientSectionHeader.h; sourceTree = "<group>"; };
		8E5899361A3691AC00E03B77 /* IngredientSectionHeader.m */ = {isa = PBXFileReference; fileEncoding = 4; lastKnownFileType = sourcecode.c.objc; path = IngredientSectionHeader.m; sourceTree = "<group>"; };
		8E58993B1A36AE1500E03B77 /* UIViewController+Extras.h */ = {isa = PBXFileReference; fileEncoding = 4; lastKnownFileType = sourcecode.c.h; path = "UIViewController+Extras.h"; sourceTree = "<group>"; };
		8E58993C1A36AE1500E03B77 /* UIViewController+Extras.m */ = {isa = PBXFileReference; fileEncoding = 4; lastKnownFileType = sourcecode.c.objc; path = "UIViewController+Extras.m"; sourceTree = "<group>"; };
		8E5899401A36C32A00E03B77 /* Icon-40.png */ = {isa = PBXFileReference; lastKnownFileType = image.png; path = "Icon-40.png"; sourceTree = "<group>"; };
		8E5899411A36C32A00E03B77 /* Icon-40@2x.png */ = {isa = PBXFileReference; lastKnownFileType = image.png; path = "Icon-40@2x.png"; sourceTree = "<group>"; };
		8E5899421A36C32A00E03B77 /* Icon-60@2x.png */ = {isa = PBXFileReference; lastKnownFileType = image.png; path = "Icon-60@2x.png"; sourceTree = "<group>"; };
		8E5899431A36C32A00E03B77 /* Icon-Small.png */ = {isa = PBXFileReference; lastKnownFileType = image.png; path = "Icon-Small.png"; sourceTree = "<group>"; };
		8E5899441A36C32A00E03B77 /* Icon-Small@2x.png */ = {isa = PBXFileReference; lastKnownFileType = image.png; path = "Icon-Small@2x.png"; sourceTree = "<group>"; };
		8E5899451A36C32A00E03B77 /* Icon.png */ = {isa = PBXFileReference; lastKnownFileType = image.png; path = Icon.png; sourceTree = "<group>"; };
		8E5899461A36C32A00E03B77 /* Icon@2x.png */ = {isa = PBXFileReference; lastKnownFileType = image.png; path = "Icon@2x.png"; sourceTree = "<group>"; };
		8E58994E1A36C40700E03B77 /* Icon-40@3x.png */ = {isa = PBXFileReference; lastKnownFileType = image.png; path = "Icon-40@3x.png"; sourceTree = "<group>"; };
		8E58994F1A36C40700E03B77 /* Icon-60@3x.png */ = {isa = PBXFileReference; lastKnownFileType = image.png; path = "Icon-60@3x.png"; sourceTree = "<group>"; };
		8E5899501A36C40700E03B77 /* Icon-Small@3x.png */ = {isa = PBXFileReference; lastKnownFileType = image.png; path = "Icon-Small@3x.png"; sourceTree = "<group>"; };
		8E5899511A36C40700E03B77 /* Icon@3x.png */ = {isa = PBXFileReference; lastKnownFileType = image.png; path = "Icon@3x.png"; sourceTree = "<group>"; };
		8EDDD4F01A35AC8000A01D08 /* VKRecipeFinder.app */ = {isa = PBXFileReference; explicitFileType = wrapper.application; includeInIndex = 0; path = VKRecipeFinder.app; sourceTree = BUILT_PRODUCTS_DIR; };
		8EDDD4F41A35AC8100A01D08 /* Info.plist */ = {isa = PBXFileReference; lastKnownFileType = text.plist.xml; path = Info.plist; sourceTree = "<group>"; };
		8EDDD4F51A35AC8100A01D08 /* main.m */ = {isa = PBXFileReference; lastKnownFileType = sourcecode.c.objc; path = main.m; sourceTree = "<group>"; };
		8EDDD4F71A35AC8100A01D08 /* AppDelegate.h */ = {isa = PBXFileReference; lastKnownFileType = sourcecode.c.h; path = AppDelegate.h; sourceTree = "<group>"; };
		8EDDD4F81A35AC8100A01D08 /* AppDelegate.m */ = {isa = PBXFileReference; lastKnownFileType = sourcecode.c.objc; path = AppDelegate.m; sourceTree = "<group>"; };
		8EDDD4FB1A35AC8100A01D08 /* VKRecipeFinder.xcdatamodel */ = {isa = PBXFileReference; lastKnownFileType = wrapper.xcdatamodel; path = VKRecipeFinder.xcdatamodel; sourceTree = "<group>"; };
		8EDDD4FD1A35AC8100A01D08 /* ViewController.h */ = {isa = PBXFileReference; lastKnownFileType = sourcecode.c.h; path = ViewController.h; sourceTree = "<group>"; };
		8EDDD4FE1A35AC8100A01D08 /* ViewController.m */ = {isa = PBXFileReference; lastKnownFileType = sourcecode.c.objc; path = ViewController.m; sourceTree = "<group>"; };
		8EDDD5011A35AC8100A01D08 /* Base */ = {isa = PBXFileReference; lastKnownFileType = file.storyboard; name = Base; path = Base.lproj/Main.storyboard; sourceTree = "<group>"; };
		8EDDD5031A35AC8100A01D08 /* Images.xcassets */ = {isa = PBXFileReference; lastKnownFileType = folder.assetcatalog; path = Images.xcassets; sourceTree = "<group>"; };
		8EDDD50C1A35AC8100A01D08 /* VKRecipeFinderTests.xctest */ = {isa = PBXFileReference; explicitFileType = wrapper.cfbundle; includeInIndex = 0; path = VKRecipeFinderTests.xctest; sourceTree = BUILT_PRODUCTS_DIR; };
		8EDDD5111A35AC8100A01D08 /* Info.plist */ = {isa = PBXFileReference; lastKnownFileType = text.plist.xml; path = Info.plist; sourceTree = "<group>"; };
		8EDDD5121A35AC8100A01D08 /* VKRecipeFinderTests.m */ = {isa = PBXFileReference; lastKnownFileType = sourcecode.c.objc; path = VKRecipeFinderTests.m; sourceTree = "<group>"; };
		8EDDD51E1A35AFC700A01D08 /* GoogleDriveButton.h */ = {isa = PBXFileReference; fileEncoding = 4; lastKnownFileType = sourcecode.c.h; path = GoogleDriveButton.h; sourceTree = "<group>"; };
		8EDDD51F1A35AFC700A01D08 /* GoogleDriveButton.m */ = {isa = PBXFileReference; fileEncoding = 4; lastKnownFileType = sourcecode.c.objc; path = GoogleDriveButton.m; sourceTree = "<group>"; };
		8EDDD5221A35B12C00A01D08 /* UIColor+VKExtras.h */ = {isa = PBXFileReference; fileEncoding = 4; lastKnownFileType = sourcecode.c.h; path = "UIColor+VKExtras.h"; sourceTree = "<group>"; };
		8EDDD5231A35B12C00A01D08 /* UIColor+VKExtras.m */ = {isa = PBXFileReference; fileEncoding = 4; lastKnownFileType = sourcecode.c.objc; path = "UIColor+VKExtras.m"; sourceTree = "<group>"; };
		8EDDD5251A35B2C500A01D08 /* UIView+Geometry.h */ = {isa = PBXFileReference; fileEncoding = 4; lastKnownFileType = sourcecode.c.h; path = "UIView+Geometry.h"; sourceTree = "<group>"; };
		8EDDD5261A35B2C500A01D08 /* UIView+Geometry.m */ = {isa = PBXFileReference; fileEncoding = 4; lastKnownFileType = sourcecode.c.objc; path = "UIView+Geometry.m"; sourceTree = "<group>"; };
		8EDDD5271A35B2C500A01D08 /* UIView+VKExtras.h */ = {isa = PBXFileReference; fileEncoding = 4; lastKnownFileType = sourcecode.c.h; path = "UIView+VKExtras.h"; sourceTree = "<group>"; };
		8EDDD5281A35B2C500A01D08 /* UIView+VKExtras.m */ = {isa = PBXFileReference; fileEncoding = 4; lastKnownFileType = sourcecode.c.objc; path = "UIView+VKExtras.m"; sourceTree = "<group>"; };
		8EDDD52C1A35B98C00A01D08 /* Default-568h@2x.png */ = {isa = PBXFileReference; lastKnownFileType = image.png; path = "Default-568h@2x.png"; sourceTree = "<group>"; };
		8EDDD52D1A35B98C00A01D08 /* Default@2x.png */ = {isa = PBXFileReference; lastKnownFileType = image.png; path = "Default@2x.png"; sourceTree = "<group>"; };
		8EDDD5301A35BACB00A01D08 /* Default.png */ = {isa = PBXFileReference; lastKnownFileType = image.png; path = Default.png; sourceTree = "<group>"; };
		8EDDD5321A35BBDB00A01D08 /* Constants.h */ = {isa = PBXFileReference; lastKnownFileType = sourcecode.c.h; path = Constants.h; sourceTree = "<group>"; };
		8EDDD53E1A35BDCE00A01D08 /* Base */ = {isa = PBXFileReference; lastKnownFileType = text.plist.strings; name = Base; path = Base.lproj/Localizable.strings; sourceTree = "<group>"; };
		8EDDD5401A35C56900A01D08 /* GoogleAuthViewController.h */ = {isa = PBXFileReference; fileEncoding = 4; lastKnownFileType = sourcecode.c.h; path = GoogleAuthViewController.h; sourceTree = "<group>"; };
		8EDDD5411A35C56900A01D08 /* GoogleAuthViewController.m */ = {isa = PBXFileReference; fileEncoding = 4; lastKnownFileType = sourcecode.c.objc; path = GoogleAuthViewController.m; sourceTree = "<group>"; };
		8EDDD5421A35C56900A01D08 /* GoogleDrive.h */ = {isa = PBXFileReference; fileEncoding = 4; lastKnownFileType = sourcecode.c.h; path = GoogleDrive.h; sourceTree = "<group>"; };
		8EDDD5431A35C56900A01D08 /* GoogleDrive.m */ = {isa = PBXFileReference; fileEncoding = 4; lastKnownFileType = sourcecode.c.objc; path = GoogleDrive.m; sourceTree = "<group>"; };
		8EDDD5461A35C5B800A01D08 /* GTLDrive_Sources.m */ = {isa = PBXFileReference; fileEncoding = 4; lastKnownFileType = sourcecode.c.objc; name = GTLDrive_Sources.m; path = GoogleAPI/Services/Drive/Generated/GTLDrive_Sources.m; sourceTree = SOURCE_ROOT; };
		8EDDD5471A35C5B800A01D08 /* GTLDrive.h */ = {isa = PBXFileReference; fileEncoding = 4; lastKnownFileType = sourcecode.c.h; name = GTLDrive.h; path = GoogleAPI/Services/Drive/Generated/GTLDrive.h; sourceTree = SOURCE_ROOT; };
		8EDDD54D1A35C7F000A01D08 /* Security.framework */ = {isa = PBXFileReference; lastKnownFileType = wrapper.framework; name = Security.framework; path = System/Library/Frameworks/Security.framework; sourceTree = SDKROOT; };
		8EDDD54F1A35C7F600A01D08 /* SystemConfiguration.framework */ = {isa = PBXFileReference; lastKnownFileType = wrapper.framework; name = SystemConfiguration.framework; path = System/Library/Frameworks/SystemConfiguration.framework; sourceTree = SDKROOT; };
		8EDDD5511A35C9A900A01D08 /* GTMOAuth2ViewTouch.xib */ = {isa = PBXFileReference; fileEncoding = 4; lastKnownFileType = file.xib; name = GTMOAuth2ViewTouch.xib; path = GoogleAPI/OAuth2/Touch/GTMOAuth2ViewTouch.xib; sourceTree = SOURCE_ROOT; };
		8EDDD5541A35CAAA00A01D08 /* QuartzCore.framework */ = {isa = PBXFileReference; lastKnownFileType = wrapper.framework; name = QuartzCore.framework; path = System/Library/Frameworks/QuartzCore.framework; sourceTree = SDKROOT; };
		8EDDD55C1A35CC2600A01D08 /* libGTLTouchStaticLib.a */ = {isa = PBXFileReference; lastKnownFileType = archive.ar; path = libGTLTouchStaticLib.a; sourceTree = "<group>"; };
		8EE5F4F31A35DE750004F7B4 /* RemoveGoogleAccountButton.h */ = {isa = PBXFileReference; fileEncoding = 4; lastKnownFileType = sourcecode.c.h; path = RemoveGoogleAccountButton.h; sourceTree = "<group>"; };
		8EE5F4F41A35DE750004F7B4 /* RemoveGoogleAccountButton.m */ = {isa = PBXFileReference; fileEncoding = 4; lastKnownFileType = sourcecode.c.objc; path = RemoveGoogleAccountButton.m; sourceTree = "<group>"; };
		8EE5F4F71A35E5C40004F7B4 /* FridgeManager.h */ = {isa = PBXFileReference; fileEncoding = 4; lastKnownFileType = sourcecode.c.h; path = FridgeManager.h; sourceTree = "<group>"; };
		8EE5F4F81A35E5C40004F7B4 /* FridgeManager.m */ = {isa = PBXFileReference; fileEncoding = 4; lastKnownFileType = sourcecode.c.objc; path = FridgeManager.m; sourceTree = "<group>"; };
		8EE5F4FA1A35E6020004F7B4 /* RecipeManager.h */ = {isa = PBXFileReference; fileEncoding = 4; lastKnownFileType = sourcecode.c.h; path = RecipeManager.h; sourceTree = "<group>"; };
		8EE5F4FB1A35E6020004F7B4 /* RecipeManager.m */ = {isa = PBXFileReference; fileEncoding = 4; lastKnownFileType = sourcecode.c.objc; path = RecipeManager.m; sourceTree = "<group>"; };
		8EE5F4FD1A35E9D30004F7B4 /* Availability.h */ = {isa = PBXFileReference; fileEncoding = 4; lastKnownFileType = sourcecode.c.h; path = Availability.h; sourceTree = "<group>"; };
		8EE5F4FE1A35E9D30004F7B4 /* Availability.m */ = {isa = PBXFileReference; fileEncoding = 4; lastKnownFileType = sourcecode.c.objc; path = Availability.m; sourceTree = "<group>"; };
		8EE5F5001A35EA2C0004F7B4 /* Ingredient.h */ = {isa = PBXFileReference; fileEncoding = 4; lastKnownFileType = sourcecode.c.h; path = Ingredient.h; sourceTree = "<group>"; };
		8EE5F5011A35EA2C0004F7B4 /* Ingredient.m */ = {isa = PBXFileReference; fileEncoding = 4; lastKnownFileType = sourcecode.c.objc; path = Ingredient.m; sourceTree = "<group>"; };
		8EE5F5051A35EA8D0004F7B4 /* Recipe.h */ = {isa = PBXFileReference; fileEncoding = 4; lastKnownFileType = sourcecode.c.h; path = Recipe.h; sourceTree = "<group>"; };
		8EE5F5061A35EA8D0004F7B4 /* Recipe.m */ = {isa = PBXFileReference; fileEncoding = 4; lastKnownFileType = sourcecode.c.objc; path = Recipe.m; sourceTree = "<group>"; };
		8EE5F5081A3652B60004F7B4 /* NSDate+VKExtras.h */ = {isa = PBXFileReference; fileEncoding = 4; lastKnownFileType = sourcecode.c.h; path = "NSDate+VKExtras.h"; sourceTree = "<group>"; };
		8EE5F5091A3652B60004F7B4 /* NSDate+VKExtras.m */ = {isa = PBXFileReference; fileEncoding = 4; lastKnownFileType = sourcecode.c.objc; path = "NSDate+VKExtras.m"; sourceTree = "<group>"; };
/* End PBXFileReference section */

/* Begin PBXFrameworksBuildPhase section */
		8EDDD4ED1A35AC8000A01D08 /* Frameworks */ = {
			isa = PBXFrameworksBuildPhase;
			buildActionMask = 2147483647;
			files = (
				8EDDD5551A35CAAA00A01D08 /* QuartzCore.framework in Frameworks */,
				8EDDD55D1A35CC2600A01D08 /* libGTLTouchStaticLib.a in Frameworks */,
				8EDDD5501A35C7F600A01D08 /* SystemConfiguration.framework in Frameworks */,
				8EDDD54E1A35C7F000A01D08 /* Security.framework in Frameworks */,
			);
			runOnlyForDeploymentPostprocessing = 0;
		};
		8EDDD5091A35AC8100A01D08 /* Frameworks */ = {
			isa = PBXFrameworksBuildPhase;
			buildActionMask = 2147483647;
			files = (
			);
			runOnlyForDeploymentPostprocessing = 0;
		};
/* End PBXFrameworksBuildPhase section */

/* Begin PBXGroup section */
		8E1ADBF51A36682300C9A811 /* Controllers */ = {
			isa = PBXGroup;
			children = (
				8EDDD4FD1A35AC8100A01D08 /* ViewController.h */,
				8EDDD4FE1A35AC8100A01D08 /* ViewController.m */,
				8E1ADBF61A36684F00C9A811 /* RecipeViewController.h */,
				8E1ADBF71A36684F00C9A811 /* RecipeViewController.m */,
			);
			name = Controllers;
			sourceTree = "<group>";
		};
		8E5899341A36916700E03B77 /* Ingredient Cells */ = {
			isa = PBXGroup;
			children = (
				8E5899311A36846800E03B77 /* IngredientCollectionViewCell.h */,
				8E5899321A36846800E03B77 /* IngredientCollectionViewCell.m */,
				8E5899351A3691AC00E03B77 /* IngredientSectionHeader.h */,
				8E5899361A3691AC00E03B77 /* IngredientSectionHeader.m */,
			);
			name = "Ingredient Cells";
			sourceTree = "<group>";
		};
		8E58993E1A36B84E00E03B77 /* Buttons */ = {
			isa = PBXGroup;
			children = (
				8EDDD51E1A35AFC700A01D08 /* GoogleDriveButton.h */,
				8EDDD51F1A35AFC700A01D08 /* GoogleDriveButton.m */,
				8EE5F4F31A35DE750004F7B4 /* RemoveGoogleAccountButton.h */,
				8EE5F4F41A35DE750004F7B4 /* RemoveGoogleAccountButton.m */,
			);
			name = Buttons;
			sourceTree = "<group>";
		};
		8E58993F1A36C32A00E03B77 /* icons */ = {
			isa = PBXGroup;
			children = (
				8E5899401A36C32A00E03B77 /* Icon-40.png */,
				8E5899411A36C32A00E03B77 /* Icon-40@2x.png */,
				8E58994E1A36C40700E03B77 /* Icon-40@3x.png */,
				8E5899421A36C32A00E03B77 /* Icon-60@2x.png */,
				8E58994F1A36C40700E03B77 /* Icon-60@3x.png */,
				8E5899431A36C32A00E03B77 /* Icon-Small.png */,
				8E5899441A36C32A00E03B77 /* Icon-Small@2x.png */,
				8E5899501A36C40700E03B77 /* Icon-Small@3x.png */,
				8E5899451A36C32A00E03B77 /* Icon.png */,
				8E5899461A36C32A00E03B77 /* Icon@2x.png */,
				8E5899511A36C40700E03B77 /* Icon@3x.png */,
			);
			path = icons;
			sourceTree = "<group>";
		};
		8EDDD4E71A35AC8000A01D08 = {
			isa = PBXGroup;
			children = (
				8EDDD4F21A35AC8000A01D08 /* VKRecipeFinder */,
				8EDDD50F1A35AC8100A01D08 /* VKRecipeFinderTests */,
				8EDDD5531A35CA1100A01D08 /* Frameworks */,
				8EDDD4F11A35AC8000A01D08 /* Products */,
			);
			sourceTree = "<group>";
		};
		8EDDD4F11A35AC8000A01D08 /* Products */ = {
			isa = PBXGroup;
			children = (
				8EDDD4F01A35AC8000A01D08 /* VKRecipeFinder.app */,
				8EDDD50C1A35AC8100A01D08 /* VKRecipeFinderTests.xctest */,
			);
			name = Products;
			sourceTree = "<group>";
		};
		8EDDD4F21A35AC8000A01D08 /* VKRecipeFinder */ = {
			isa = PBXGroup;
			children = (
				8E58993F1A36C32A00E03B77 /* icons */,
				8EDDD52B1A35B90D00A01D08 /* Images */,
				8EDDD5211A35B12200A01D08 /* Categories */,
				8EDDD53F1A35C56100A01D08 /* Google Drive */,
				8EDDD51C1A35AF6200A01D08 /* UI */,
				8EE5F4F61A35E5960004F7B4 /* Models */,
				8E1ADBF51A36682300C9A811 /* Controllers */,
				8EDDD4F71A35AC8100A01D08 /* AppDelegate.h */,
				8EDDD4F81A35AC8100A01D08 /* AppDelegate.m */,
				8EDDD5321A35BBDB00A01D08 /* Constants.h */,
				8EDDD5001A35AC8100A01D08 /* Main.storyboard */,
				8EDDD5031A35AC8100A01D08 /* Images.xcassets */,
				8EDDD4FA1A35AC8100A01D08 /* VKRecipeFinder.xcdatamodeld */,
				8EDDD4F31A35AC8100A01D08 /* Supporting Files */,
			);
			path = VKRecipeFinder;
			sourceTree = "<group>";
		};
		8EDDD4F31A35AC8100A01D08 /* Supporting Files */ = {
			isa = PBXGroup;
			children = (
				8EDDD4F41A35AC8100A01D08 /* Info.plist */,
				8EDDD4F51A35AC8100A01D08 /* main.m */,
				8EDDD53D1A35BDBA00A01D08 /* Localizable.strings */,
				8EDDD5511A35C9A900A01D08 /* GTMOAuth2ViewTouch.xib */,
			);
			name = "Supporting Files";
			sourceTree = "<group>";
		};
		8EDDD50F1A35AC8100A01D08 /* VKRecipeFinderTests */ = {
			isa = PBXGroup;
			children = (
				8EDDD5121A35AC8100A01D08 /* VKRecipeFinderTests.m */,
				8EDDD5101A35AC8100A01D08 /* Supporting Files */,
			);
			path = VKRecipeFinderTests;
			sourceTree = "<group>";
		};
		8EDDD5101A35AC8100A01D08 /* Supporting Files */ = {
			isa = PBXGroup;
			children = (
				8EDDD5111A35AC8100A01D08 /* Info.plist */,
			);
			name = "Supporting Files";
			sourceTree = "<group>";
		};
		8EDDD51C1A35AF6200A01D08 /* UI */ = {
			isa = PBXGroup;
			children = (
				8E5899341A36916700E03B77 /* Ingredient Cells */,
				8E58993E1A36B84E00E03B77 /* Buttons */,
			);
			name = UI;
			sourceTree = "<group>";
		};
		8EDDD5211A35B12200A01D08 /* Categories */ = {
			isa = PBXGroup;
			children = (
				8EDDD5221A35B12C00A01D08 /* UIColor+VKExtras.h */,
				8EDDD5231A35B12C00A01D08 /* UIColor+VKExtras.m */,
				8EDDD5251A35B2C500A01D08 /* UIView+Geometry.h */,
				8EDDD5261A35B2C500A01D08 /* UIView+Geometry.m */,
				8EDDD5271A35B2C500A01D08 /* UIView+VKExtras.h */,
				8EDDD5281A35B2C500A01D08 /* UIView+VKExtras.m */,
				8EE5F5081A3652B60004F7B4 /* NSDate+VKExtras.h */,
				8EE5F5091A3652B60004F7B4 /* NSDate+VKExtras.m */,
				8E58993B1A36AE1500E03B77 /* UIViewController+Extras.h */,
				8E58993C1A36AE1500E03B77 /* UIViewController+Extras.m */,
			);
			name = Categories;
			sourceTree = "<group>";
		};
		8EDDD52B1A35B90D00A01D08 /* Images */ = {
			isa = PBXGroup;
			children = (
				8EDDD52C1A35B98C00A01D08 /* Default-568h@2x.png */,
				8EDDD52D1A35B98C00A01D08 /* Default@2x.png */,
				8EDDD5301A35BACB00A01D08 /* Default.png */,
			);
			name = Images;
			sourceTree = "<group>";
		};
		8EDDD53F1A35C56100A01D08 /* Google Drive */ = {
			isa = PBXGroup;
			children = (
				8EDDD5461A35C5B800A01D08 /* GTLDrive_Sources.m */,
				8EDDD5471A35C5B800A01D08 /* GTLDrive.h */,
				8EDDD5401A35C56900A01D08 /* GoogleAuthViewController.h */,
				8EDDD5411A35C56900A01D08 /* GoogleAuthViewController.m */,
				8EDDD5421A35C56900A01D08 /* GoogleDrive.h */,
				8EDDD5431A35C56900A01D08 /* GoogleDrive.m */,
			);
			name = "Google Drive";
			sourceTree = "<group>";
		};
		8EDDD5531A35CA1100A01D08 /* Frameworks */ = {
			isa = PBXGroup;
			children = (
				8EDDD55C1A35CC2600A01D08 /* libGTLTouchStaticLib.a */,
				8EDDD5541A35CAAA00A01D08 /* QuartzCore.framework */,
				8EDDD54F1A35C7F600A01D08 /* SystemConfiguration.framework */,
				8EDDD54D1A35C7F000A01D08 /* Security.framework */,
			);
			name = Frameworks;
			sourceTree = "<group>";
		};
		8EE5F4F61A35E5960004F7B4 /* Models */ = {
			isa = PBXGroup;
			children = (
				8EE5F5031A35EA630004F7B4 /* Fridge */,
				8EE5F5041A35EA6B0004F7B4 /* Recipe */,
			);
			name = Models;
			sourceTree = "<group>";
		};
		8EE5F5031A35EA630004F7B4 /* Fridge */ = {
			isa = PBXGroup;
			children = (
				8EE5F4F71A35E5C40004F7B4 /* FridgeManager.h */,
				8EE5F4F81A35E5C40004F7B4 /* FridgeManager.m */,
				8EE5F4FD1A35E9D30004F7B4 /* Availability.h */,
				8EE5F4FE1A35E9D30004F7B4 /* Availability.m */,
			);
			name = Fridge;
			sourceTree = "<group>";
		};
		8EE5F5041A35EA6B0004F7B4 /* Recipe */ = {
			isa = PBXGroup;
			children = (
				8EE5F4FA1A35E6020004F7B4 /* RecipeManager.h */,
				8EE5F4FB1A35E6020004F7B4 /* RecipeManager.m */,
				8EE5F5001A35EA2C0004F7B4 /* Ingredient.h */,
				8EE5F5011A35EA2C0004F7B4 /* Ingredient.m */,
				8EE5F5051A35EA8D0004F7B4 /* Recipe.h */,
				8EE5F5061A35EA8D0004F7B4 /* Recipe.m */,
			);
			name = Recipe;
			sourceTree = "<group>";
		};
/* End PBXGroup section */

/* Begin PBXNativeTarget section */
		8EDDD4EF1A35AC8000A01D08 /* VKRecipeFinder */ = {
			isa = PBXNativeTarget;
			buildConfigurationList = 8EDDD5161A35AC8100A01D08 /* Build configuration list for PBXNativeTarget "VKRecipeFinder" */;
			buildPhases = (
				8EDDD4EC1A35AC8000A01D08 /* Sources */,
				8EDDD4ED1A35AC8000A01D08 /* Frameworks */,
				8EDDD4EE1A35AC8000A01D08 /* Resources */,
			);
			buildRules = (
			);
			dependencies = (
			);
			name = VKRecipeFinder;
			productName = VKRecipeFinder;
			productReference = 8EDDD4F01A35AC8000A01D08 /* VKRecipeFinder.app */;
			productType = "com.apple.product-type.application";
		};
		8EDDD50B1A35AC8100A01D08 /* VKRecipeFinderTests */ = {
			isa = PBXNativeTarget;
			buildConfigurationList = 8EDDD5191A35AC8100A01D08 /* Build configuration list for PBXNativeTarget "VKRecipeFinderTests" */;
			buildPhases = (
				8EDDD5081A35AC8100A01D08 /* Sources */,
				8EDDD5091A35AC8100A01D08 /* Frameworks */,
				8EDDD50A1A35AC8100A01D08 /* Resources */,
			);
			buildRules = (
			);
			dependencies = (
				8EDDD50E1A35AC8100A01D08 /* PBXTargetDependency */,
			);
			name = VKRecipeFinderTests;
			productName = VKRecipeFinderTests;
			productReference = 8EDDD50C1A35AC8100A01D08 /* VKRecipeFinderTests.xctest */;
			productType = "com.apple.product-type.bundle.unit-test";
		};
/* End PBXNativeTarget section */

/* Begin PBXProject section */
		8EDDD4E81A35AC8000A01D08 /* Project object */ = {
			isa = PBXProject;
			attributes = {
				LastUpgradeCheck = 0610;
				ORGANIZATIONNAME = "Vinh Khoa Nguyen";
				TargetAttributes = {
					8EDDD4EF1A35AC8000A01D08 = {
						CreatedOnToolsVersion = 6.1.1;
					};
					8EDDD50B1A35AC8100A01D08 = {
						CreatedOnToolsVersion = 6.1.1;
						TestTargetID = 8EDDD4EF1A35AC8000A01D08;
					};
				};
			};
			buildConfigurationList = 8EDDD4EB1A35AC8000A01D08 /* Build configuration list for PBXProject "VKRecipeFinder" */;
			compatibilityVersion = "Xcode 3.2";
			developmentRegion = English;
			hasScannedForEncodings = 0;
			knownRegions = (
				en,
				Base,
			);
			mainGroup = 8EDDD4E71A35AC8000A01D08;
			productRefGroup = 8EDDD4F11A35AC8000A01D08 /* Products */;
			projectDirPath = "";
			projectRoot = "";
			targets = (
				8EDDD4EF1A35AC8000A01D08 /* VKRecipeFinder */,
				8EDDD50B1A35AC8100A01D08 /* VKRecipeFinderTests */,
			);
		};
/* End PBXProject section */

/* Begin PBXResourcesBuildPhase section */
		8EDDD4EE1A35AC8000A01D08 /* Resources */ = {
			isa = PBXResourcesBuildPhase;
			buildActionMask = 2147483647;
			files = (
				8E5899471A36C32A00E03B77 /* Icon-40.png in Resources */,
				8E58994A1A36C32A00E03B77 /* Icon-Small.png in Resources */,
				8E5899491A36C32A00E03B77 /* Icon-60@2x.png in Resources */,
				8EDDD5521A35C9A900A01D08 /* GTMOAuth2ViewTouch.xib in Resources */,
				8E5899551A36C40700E03B77 /* Icon@3x.png in Resources */,
				8E5899521A36C40700E03B77 /* Icon-40@3x.png in Resources */,
				8EDDD52F1A35B98C00A01D08 /* Default@2x.png in Resources */,
				8E5899481A36C32A00E03B77 /* Icon-40@2x.png in Resources */,
				8EDDD53B1A35BDBA00A01D08 /* Localizable.strings in Resources */,
				8E5899531A36C40700E03B77 /* Icon-60@3x.png in Resources */,
				8E5899541A36C40700E03B77 /* Icon-Small@3x.png in Resources */,
				8E58994C1A36C32A00E03B77 /* Icon.png in Resources */,
				8EDDD5021A35AC8100A01D08 /* Main.storyboard in Resources */,
				8E58994D1A36C32A00E03B77 /* Icon@2x.png in Resources */,
				8EDDD5041A35AC8100A01D08 /* Images.xcassets in Resources */,
				8E58994B1A36C32A00E03B77 /* Icon-Small@2x.png in Resources */,
				8EDDD52E1A35B98C00A01D08 /* Default-568h@2x.png in Resources */,
				8EDDD5311A35BACB00A01D08 /* Default.png in Resources */,
			);
			runOnlyForDeploymentPostprocessing = 0;
		};
		8EDDD50A1A35AC8100A01D08 /* Resources */ = {
			isa = PBXResourcesBuildPhase;
			buildActionMask = 2147483647;
			files = (
			);
			runOnlyForDeploymentPostprocessing = 0;
		};
/* End PBXResourcesBuildPhase section */

/* Begin PBXSourcesBuildPhase section */
		8EDDD4EC1A35AC8000A01D08 /* Sources */ = {
			isa = PBXSourcesBuildPhase;
			buildActionMask = 2147483647;
			files = (
				8EE5F5021A35EA2C0004F7B4 /* Ingredient.m in Sources */,
				8E5899371A3691AC00E03B77 /* IngredientSectionHeader.m in Sources */,
				8EDDD5481A35C5B800A01D08 /* GTLDrive_Sources.m in Sources */,
				8E58993D1A36AE1500E03B77 /* UIViewController+Extras.m in Sources */,
				8EDDD52A1A35B2C500A01D08 /* UIView+VKExtras.m in Sources */,
				8EE5F4F51A35DE750004F7B4 /* RemoveGoogleAccountButton.m in Sources */,
				8EE5F4FF1A35E9D30004F7B4 /* Availability.m in Sources */,
				8EDDD5291A35B2C500A01D08 /* UIView+Geometry.m in Sources */,
				8EE5F50A1A3652B60004F7B4 /* NSDate+VKExtras.m in Sources */,
				8EDDD4FC1A35AC8100A01D08 /* VKRecipeFinder.xcdatamodeld in Sources */,
				8EE5F4F91A35E5C40004F7B4 /* FridgeManager.m in Sources */,
				8EDDD5201A35AFC700A01D08 /* GoogleDriveButton.m in Sources */,
				8EDDD5441A35C56900A01D08 /* GoogleAuthViewController.m in Sources */,
				8EE5F5071A35EA8D0004F7B4 /* Recipe.m in Sources */,
				8EDDD5451A35C56900A01D08 /* GoogleDrive.m in Sources */,
				8E5899331A36846800E03B77 /* IngredientCollectionViewCell.m in Sources */,
				8EDDD4F91A35AC8100A01D08 /* AppDelegate.m in Sources */,
				8EDDD5241A35B12C00A01D08 /* UIColor+VKExtras.m in Sources */,
				8EDDD4FF1A35AC8100A01D08 /* ViewController.m in Sources */,
				8E1ADBF81A36684F00C9A811 /* RecipeViewController.m in Sources */,
				8EDDD4F61A35AC8100A01D08 /* main.m in Sources */,
				8EE5F4FC1A35E6020004F7B4 /* RecipeManager.m in Sources */,
			);
			runOnlyForDeploymentPostprocessing = 0;
		};
		8EDDD5081A35AC8100A01D08 /* Sources */ = {
			isa = PBXSourcesBuildPhase;
			buildActionMask = 2147483647;
			files = (
				8EDDD5131A35AC8100A01D08 /* VKRecipeFinderTests.m in Sources */,
			);
			runOnlyForDeploymentPostprocessing = 0;
		};
/* End PBXSourcesBuildPhase section */

/* Begin PBXTargetDependency section */
		8EDDD50E1A35AC8100A01D08 /* PBXTargetDependency */ = {
			isa = PBXTargetDependency;
			target = 8EDDD4EF1A35AC8000A01D08 /* VKRecipeFinder */;
			targetProxy = 8EDDD50D1A35AC8100A01D08 /* PBXContainerItemProxy */;
		};
/* End PBXTargetDependency section */

/* Begin PBXVariantGroup section */
		8EDDD5001A35AC8100A01D08 /* Main.storyboard */ = {
			isa = PBXVariantGroup;
			children = (
				8EDDD5011A35AC8100A01D08 /* Base */,
			);
			name = Main.storyboard;
			sourceTree = "<group>";
		};
		8EDDD53D1A35BDBA00A01D08 /* Localizable.strings */ = {
			isa = PBXVariantGroup;
			children = (
				8EDDD53E1A35BDCE00A01D08 /* Base */,
			);
			name = Localizable.strings;
			sourceTree = "<group>";
		};
/* End PBXVariantGroup section */

/* Begin XCBuildConfiguration section */
		8EDDD5141A35AC8100A01D08 /* Debug */ = {
			isa = XCBuildConfiguration;
			buildSettings = {
				ALWAYS_SEARCH_USER_PATHS = NO;
				CLANG_CXX_LANGUAGE_STANDARD = "gnu++0x";
				CLANG_CXX_LIBRARY = "libc++";
				CLANG_ENABLE_MODULES = YES;
				CLANG_ENABLE_OBJC_ARC = YES;
				CLANG_WARN_BOOL_CONVERSION = YES;
				CLANG_WARN_CONSTANT_CONVERSION = YES;
				CLANG_WARN_DIRECT_OBJC_ISA_USAGE = YES_ERROR;
				CLANG_WARN_EMPTY_BODY = YES;
				CLANG_WARN_ENUM_CONVERSION = YES;
				CLANG_WARN_INT_CONVERSION = YES;
				CLANG_WARN_OBJC_ROOT_CLASS = YES_ERROR;
				CLANG_WARN_UNREACHABLE_CODE = YES;
				CLANG_WARN__DUPLICATE_METHOD_MATCH = YES;
				"CODE_SIGN_IDENTITY[sdk=iphoneos*]" = "iPhone Developer";
				COPY_PHASE_STRIP = NO;
				ENABLE_STRICT_OBJC_MSGSEND = YES;
				GCC_C_LANGUAGE_STANDARD = gnu99;
				GCC_DYNAMIC_NO_PIC = NO;
				GCC_OPTIMIZATION_LEVEL = 0;
				GCC_PREPROCESSOR_DEFINITIONS = (
					"DEBUG=1",
					"$(inherited)",
				);
				GCC_SYMBOLS_PRIVATE_EXTERN = NO;
				GCC_WARN_64_TO_32_BIT_CONVERSION = YES;
				GCC_WARN_ABOUT_RETURN_TYPE = YES_ERROR;
				GCC_WARN_UNDECLARED_SELECTOR = YES;
				GCC_WARN_UNINITIALIZED_AUTOS = YES_AGGRESSIVE;
				GCC_WARN_UNUSED_FUNCTION = YES;
				GCC_WARN_UNUSED_VARIABLE = YES;
				IPHONEOS_DEPLOYMENT_TARGET = 8.1;
				MTL_ENABLE_DEBUG_INFO = YES;
				ONLY_ACTIVE_ARCH = YES;
				SDKROOT = iphoneos;
			};
			name = Debug;
		};
		8EDDD5151A35AC8100A01D08 /* Release */ = {
			isa = XCBuildConfiguration;
			buildSettings = {
				ALWAYS_SEARCH_USER_PATHS = NO;
				CLANG_CXX_LANGUAGE_STANDARD = "gnu++0x";
				CLANG_CXX_LIBRARY = "libc++";
				CLANG_ENABLE_MODULES = YES;
				CLANG_ENABLE_OBJC_ARC = YES;
				CLANG_WARN_BOOL_CONVERSION = YES;
				CLANG_WARN_CONSTANT_CONVERSION = YES;
				CLANG_WARN_DIRECT_OBJC_ISA_USAGE = YES_ERROR;
				CLANG_WARN_EMPTY_BODY = YES;
				CLANG_WARN_ENUM_CONVERSION = YES;
				CLANG_WARN_INT_CONVERSION = YES;
				CLANG_WARN_OBJC_ROOT_CLASS = YES_ERROR;
				CLANG_WARN_UNREACHABLE_CODE = YES;
				CLANG_WARN__DUPLICATE_METHOD_MATCH = YES;
				"CODE_SIGN_IDENTITY[sdk=iphoneos*]" = "iPhone Developer";
				COPY_PHASE_STRIP = YES;
				ENABLE_NS_ASSERTIONS = NO;
				ENABLE_STRICT_OBJC_MSGSEND = YES;
				GCC_C_LANGUAGE_STANDARD = gnu99;
				GCC_WARN_64_TO_32_BIT_CONVERSION = YES;
				GCC_WARN_ABOUT_RETURN_TYPE = YES_ERROR;
				GCC_WARN_UNDECLARED_SELECTOR = YES;
				GCC_WARN_UNINITIALIZED_AUTOS = YES_AGGRESSIVE;
				GCC_WARN_UNUSED_FUNCTION = YES;
				GCC_WARN_UNUSED_VARIABLE = YES;
				IPHONEOS_DEPLOYMENT_TARGET = 8.1;
				MTL_ENABLE_DEBUG_INFO = NO;
				SDKROOT = iphoneos;
				VALIDATE_PRODUCT = YES;
			};
			name = Release;
		};
		8EDDD5171A35AC8100A01D08 /* Debug */ = {
			isa = XCBuildConfiguration;
			buildSettings = {
				ASSETCATALOG_COMPILER_APPICON_NAME = AppIcon;
				FRAMEWORK_SEARCH_PATHS = (
					"$(inherited)",
					"$(PROJECT_DIR)/GoogleAPI/build/Debug",
				);
				INFOPLIST_FILE = VKRecipeFinder/Info.plist;
				IPHONEOS_DEPLOYMENT_TARGET = 7.0;
				LD_RUNPATH_SEARCH_PATHS = "$(inherited) @executable_path/Frameworks";
				LIBRARY_SEARCH_PATHS = (
					"$(inherited)",
					"$(PROJECT_DIR)/GoogleAPI/build/Debug-iphoneos",
					"$(PROJECT_DIR)",
				);
				OTHER_LDFLAGS = (
					"-ObjC",
					"-all_load",
				);
				PRODUCT_NAME = "$(TARGET_NAME)";
				TARGETED_DEVICE_FAMILY = 1;
				USER_HEADER_SEARCH_PATHS = "$(SRCROOT)/**";
			};
			name = Debug;
		};
		8EDDD5181A35AC8100A01D08 /* Release */ = {
			isa = XCBuildConfiguration;
			buildSettings = {
				ASSETCATALOG_COMPILER_APPICON_NAME = AppIcon;
				FRAMEWORK_SEARCH_PATHS = (
					"$(inherited)",
					"$(PROJECT_DIR)/GoogleAPI/build/Debug",
				);
				INFOPLIST_FILE = VKRecipeFinder/Info.plist;
				IPHONEOS_DEPLOYMENT_TARGET = 7.0;
				LD_RUNPATH_SEARCH_PATHS = "$(inherited) @executable_path/Frameworks";
				LIBRARY_SEARCH_PATHS = (
					"$(inherited)",
					"$(PROJECT_DIR)/GoogleAPI/build/Debug-iphoneos",
					"$(PROJECT_DIR)",
				);
				OTHER_LDFLAGS = (
					"-ObjC",
					"-all_load",
				);
				PRODUCT_NAME = "$(TARGET_NAME)";
				TARGETED_DEVICE_FAMILY = 1;
				USER_HEADER_SEARCH_PATHS = "$(SRCROOT)/**";
			};
			name = Release;
		};
		8EDDD51A1A35AC8100A01D08 /* Debug */ = {
			isa = XCBuildConfiguration;
			buildSettings = {
				BUNDLE_LOADER = "$(TEST_HOST)";
				FRAMEWORK_SEARCH_PATHS = (
					"$(SDKROOT)/Developer/Library/Frameworks",
					"$(inherited)",
				);
				GCC_PREPROCESSOR_DEFINITIONS = (
					"DEBUG=1",
					"$(inherited)",
				);
				INFOPLIST_FILE = VKRecipeFinderTests/Info.plist;
				LD_RUNPATH_SEARCH_PATHS = "$(inherited) @executable_path/Frameworks @loader_path/Frameworks";
				PRODUCT_NAME = "$(TARGET_NAME)";
				TEST_HOST = "$(BUILT_PRODUCTS_DIR)/VKRecipeFinder.app/VKRecipeFinder";
			};
			name = Debug;
		};
		8EDDD51B1A35AC8100A01D08 /* Release */ = {
			isa = XCBuildConfiguration;
			buildSettings = {
				BUNDLE_LOADER = "$(TEST_HOST)";
				FRAMEWORK_SEARCH_PATHS = (
					"$(SDKROOT)/Developer/Library/Frameworks",
					"$(inherited)",
				);
				INFOPLIST_FILE = VKRecipeFinderTests/Info.plist;
				LD_RUNPATH_SEARCH_PATHS = "$(inherited) @executable_path/Frameworks @loader_path/Frameworks";
				PRODUCT_NAME = "$(TARGET_NAME)";
				TEST_HOST = "$(BUILT_PRODUCTS_DIR)/VKRecipeFinder.app/VKRecipeFinder";
			};
			name = Release;
		};
/* End XCBuildConfiguration section */

/* Begin XCConfigurationList section */
		8EDDD4EB1A35AC8000A01D08 /* Build configuration list for PBXProject "VKRecipeFinder" */ = {
			isa = XCConfigurationList;
			buildConfigurations = (
				8EDDD5141A35AC8100A01D08 /* Debug */,
				8EDDD5151A35AC8100A01D08 /* Release */,
			);
			defaultConfigurationIsVisible = 0;
			defaultConfigurationName = Release;
		};
		8EDDD5161A35AC8100A01D08 /* Build configuration list for PBXNativeTarget "VKRecipeFinder" */ = {
			isa = XCConfigurationList;
			buildConfigurations = (
				8EDDD5171A35AC8100A01D08 /* Debug */,
				8EDDD5181A35AC8100A01D08 /* Release */,
			);
			defaultConfigurationIsVisible = 0;
			defaultConfigurationName = Release;
		};
		8EDDD5191A35AC8100A01D08 /* Build configuration list for PBXNativeTarget "VKRecipeFinderTests" */ = {
			isa = XCConfigurationList;
			buildConfigurations = (
				8EDDD51A1A35AC8100A01D08 /* Debug */,
				8EDDD51B1A35AC8100A01D08 /* Release */,
			);
			defaultConfigurationIsVisible = 0;
			defaultConfigurationName = Release;
		};
/* End XCConfigurationList section */

/* Begin XCVersionGroup section */
		8EDDD4FA1A35AC8100A01D08 /* VKRecipeFinder.xcdatamodeld */ = {
			isa = XCVersionGroup;
			children = (
				8EDDD4FB1A35AC8100A01D08 /* VKRecipeFinder.xcdatamodel */,
			);
			currentVersion = 8EDDD4FB1A35AC8100A01D08 /* VKRecipeFinder.xcdatamodel */;
			path = VKRecipeFinder.xcdatamodeld;
			sourceTree = "<group>";
			versionGroupType = wrapper.xcdatamodel;
		};
/* End XCVersionGroup section */
	};
	rootObject = 8EDDD4E81A35AC8000A01D08 /* Project object */;
}
